
Microsoft Visual Studio Solution File, Format Version 12.00
# Visual Studio Version 16
VisualStudioVersion = 16.0.31729.503
MinimumVisualStudioVersion = 10.0.40219.1
Project("{FAE04EC0-301F-11D3-BF4B-00C04F79EFBC}") = "Interfaz de Entrada GANCEDO", "Interfaz de Entrada GANCEDO.csproj", "{9DAB4279-C621-4E90-9931-FA36E2D4E3E1}"
EndProject
Global
	GlobalSection(SolutionConfigurationPlatforms) = preSolution
		Debug|Any CPU = Debug|Any CPU
		Release|Any CPU = Release|Any CPU
	EndGlobalSection
	GlobalSection(ProjectConfigurationPlatforms) = postSolution
		{9DAB4279-C621-4E90-9931-FA36E2D4E3E1}.Debug|Any CPU.ActiveCfg = Debug|Any CPU
		{9DAB4279-C621-4E90-9931-FA36E2D4E3E1}.Debug|Any CPU.Build.0 = Debug|Any CPU
		{9DAB4279-C621-4E90-9931-FA36E2D4E3E1}.Release|Any CPU.ActiveCfg = Release|Any CPU
		{9DAB4279-C621-4E90-9931-FA36E2D4E3E1}.Release|Any CPU.Build.0 = Release|Any CPU
	EndGlobalSection
	GlobalSection(SolutionProperties) = preSolution
		HideSolutionNode = FALSE
	EndGlobalSection
	GlobalSection(ExtensibilityGlobals) = postSolution
		SolutionGuid = {3ED7FC18-2F02-4F8F-94E0-5D37D7B15A6D}
	EndGlobalSection
EndGlobal
